
Microsoft Visual Studio Solution File, Format Version 12.00
# Visual Studio Version 17
VisualStudioVersion = 17.5.33516.290
MinimumVisualStudioVersion = 10.0.40219.1
Project("{FAE04EC0-301F-11D3-BF4B-00C04F79EFBC}") = "WebRequestConsoleApp", "WebRequestConsoleApp.csproj", "{19F7C611-C738-4D8C-867F-83137ED1925F}"
EndProject
Global
	GlobalSection(SolutionConfigurationPlatforms) = preSolution
		Debug|Any CPU = Debug|Any CPU
		Release|Any CPU = Release|Any CPU
	EndGlobalSection
	GlobalSection(ProjectConfigurationPlatforms) = postSolution
		{19F7C611-C738-4D8C-867F-83137ED1925F}.Debug|Any CPU.ActiveCfg = Debug|Any CPU
		{19F7C611-C738-4D8C-867F-83137ED1925F}.Debug|Any CPU.Build.0 = Debug|Any CPU
		{19F7C611-C738-4D8C-867F-83137ED1925F}.Release|Any CPU.ActiveCfg = Release|Any CPU
		{19F7C611-C738-4D8C-867F-83137ED1925F}.Release|Any CPU.Build.0 = Release|Any CPU
	EndGlobalSection
	GlobalSection(SolutionProperties) = preSolution
		HideSolutionNode = FALSE
	EndGlobalSection
	GlobalSection(ExtensibilityGlobals) = postSolution
		SolutionGuid = {975B4F1B-A04D-45F7-94FB-6D7455DBBBF6}
	EndGlobalSection
EndGlobal
