
Microsoft Visual Studio Solution File, Format Version 12.00
# Visual Studio Version 17
VisualStudioVersion = 17.11.35327.3
MinimumVisualStudioVersion = 10.0.40219.1
Project("{FAE04EC0-301F-11D3-BF4B-00C04F79EFBC}") = "JWTAuthAPI-Day5", "JWTAuthAPI-Day5\JWTAuthAPI-Day5.csproj", "{2E33F34E-BF3A-4F87-A22F-56B14D0CB074}"
EndProject
Global
	GlobalSection(SolutionConfigurationPlatforms) = preSolution
		Debug|Any CPU = Debug|Any CPU
		Release|Any CPU = Release|Any CPU
	EndGlobalSection
	GlobalSection(ProjectConfigurationPlatforms) = postSolution
		{2E33F34E-BF3A-4F87-A22F-56B14D0CB074}.Debug|Any CPU.ActiveCfg = Debug|Any CPU
		{2E33F34E-BF3A-4F87-A22F-56B14D0CB074}.Debug|Any CPU.Build.0 = Debug|Any CPU
		{2E33F34E-BF3A-4F87-A22F-56B14D0CB074}.Release|Any CPU.ActiveCfg = Release|Any CPU
		{2E33F34E-BF3A-4F87-A22F-56B14D0CB074}.Release|Any CPU.Build.0 = Release|Any CPU
	EndGlobalSection
	GlobalSection(SolutionProperties) = preSolution
		HideSolutionNode = FALSE
	EndGlobalSection
	GlobalSection(ExtensibilityGlobals) = postSolution
		SolutionGuid = {86127BD4-3A2B-47BC-AD71-614E12A3FA56}
	EndGlobalSection
EndGlobal
