
Microsoft Visual Studio Solution File, Format Version 12.00
# Visual Studio Version 17
VisualStudioVersion = 17.11.35327.3
MinimumVisualStudioVersion = 10.0.40219.1
Project("{FAE04EC0-301F-11D3-BF4B-00C04F79EFBC}") = "CheckEF6-Day3", "CheckEF6-Day3\CheckEF6-Day3.csproj", "{79DA822C-6ADD-430D-8EC6-99E92C48071C}"
EndProject
Global
	GlobalSection(SolutionConfigurationPlatforms) = preSolution
		Debug|Any CPU = Debug|Any CPU
		Release|Any CPU = Release|Any CPU
	EndGlobalSection
	GlobalSection(ProjectConfigurationPlatforms) = postSolution
		{79DA822C-6ADD-430D-8EC6-99E92C48071C}.Debug|Any CPU.ActiveCfg = Debug|Any CPU
		{79DA822C-6ADD-430D-8EC6-99E92C48071C}.Debug|Any CPU.Build.0 = Debug|Any CPU
		{79DA822C-6ADD-430D-8EC6-99E92C48071C}.Release|Any CPU.ActiveCfg = Release|Any CPU
		{79DA822C-6ADD-430D-8EC6-99E92C48071C}.Release|Any CPU.Build.0 = Release|Any CPU
	EndGlobalSection
	GlobalSection(SolutionProperties) = preSolution
		HideSolutionNode = FALSE
	EndGlobalSection
	GlobalSection(ExtensibilityGlobals) = postSolution
		SolutionGuid = {2E56CF03-AF50-4E2D-8B7F-C77CA4D5662F}
	EndGlobalSection
EndGlobal
