
Microsoft Visual Studio Solution File, Format Version 12.00
# Visual Studio Version 17
VisualStudioVersion = 17.5.33516.290
MinimumVisualStudioVersion = 10.0.40219.1
Project("{FAE04EC0-301F-11D3-BF4B-00C04F79EFBC}") = "MyFirstApp-Day2", "MyFirstApp-Day2\MyFirstApp-Day2.csproj", "{280879B0-31B2-4C26-B161-277805F01AE7}"
EndProject
Global
	GlobalSection(SolutionConfigurationPlatforms) = preSolution
		Debug|Any CPU = Debug|Any CPU
		Release|Any CPU = Release|Any CPU
	EndGlobalSection
	GlobalSection(ProjectConfigurationPlatforms) = postSolution
		{280879B0-31B2-4C26-B161-277805F01AE7}.Debug|Any CPU.ActiveCfg = Debug|Any CPU
		{280879B0-31B2-4C26-B161-277805F01AE7}.Debug|Any CPU.Build.0 = Debug|Any CPU
		{280879B0-31B2-4C26-B161-277805F01AE7}.Release|Any CPU.ActiveCfg = Release|Any CPU
		{280879B0-31B2-4C26-B161-277805F01AE7}.Release|Any CPU.Build.0 = Release|Any CPU
	EndGlobalSection
	GlobalSection(SolutionProperties) = preSolution
		HideSolutionNode = FALSE
	EndGlobalSection
	GlobalSection(ExtensibilityGlobals) = postSolution
		SolutionGuid = {55465A43-17F6-4385-9A06-7DF0375348D2}
	EndGlobalSection
EndGlobal
